
Microsoft Visual Studio Solution File, Format Version 11.00
# Visual Studio 2010
Project("{FAE04EC0-301F-11D3-BF4B-00C04F79EFBC}") = "DomainContextLoader.Framework.Silverlight", "DomainContextLoaded.Framework.Silverlight\DomainContextLoader.Framework.Silverlight.csproj", "{9AA755CE-9EE0-4A42-8A7B-3CE732C05D0B}"
EndProject
Global
	GlobalSection(SolutionConfigurationPlatforms) = preSolution
		Debug|Any CPU = Debug|Any CPU
		Release|Any CPU = Release|Any CPU
	EndGlobalSection
	GlobalSection(ProjectConfigurationPlatforms) = postSolution
		{9AA755CE-9EE0-4A42-8A7B-3CE732C05D0B}.Debug|Any CPU.ActiveCfg = Debug|Any CPU
		{9AA755CE-9EE0-4A42-8A7B-3CE732C05D0B}.Debug|Any CPU.Build.0 = Debug|Any CPU
		{9AA755CE-9EE0-4A42-8A7B-3CE732C05D0B}.Release|Any CPU.ActiveCfg = Release|Any CPU
		{9AA755CE-9EE0-4A42-8A7B-3CE732C05D0B}.Release|Any CPU.Build.0 = Release|Any CPU
	EndGlobalSection
	GlobalSection(SolutionProperties) = preSolution
		HideSolutionNode = FALSE
	EndGlobalSection
EndGlobal
